
Microsoft Visual Studio Solution File, Format Version 12.00
# Visual Studio 2012
Project("{2150E333-8FDC-42A3-9474-1A3956D46DE8}") = ".nuget", ".nuget", "{246A7AE2-6EED-4201-B341-B66578D6CB69}"
	ProjectSection(SolutionItems) = preProject
		.nuget\NuGet.Config = .nuget\NuGet.Config
		.nuget\NuGet.targets = .nuget\NuGet.targets
		.nuget\packages.config = .nuget\packages.config
	EndProjectSection
EndProject
Project("{FAE04EC0-301F-11D3-BF4B-00C04F79EFBC}") = "Premotion.Mansion.Core", "Premotion.Mansion.Core\Premotion.Mansion.Core.csproj", "{95DFBC37-6549-4BC0-AB9F-0F5D22D35926}"
EndProject
Project("{FAE04EC0-301F-11D3-BF4B-00C04F79EFBC}") = "Premotion.Mansion.Web", "Premotion.Mansion.Web\Premotion.Mansion.Web.csproj", "{7170BC06-87E5-4BFD-831C-B0A286F93182}"
EndProject
Project("{FAE04EC0-301F-11D3-BF4B-00C04F79EFBC}") = "Premotion.Mansion.Web.TestWebApp", "Premotion.Mansion.Web.TestWebApp\Premotion.Mansion.Web.TestWebApp.csproj", "{75199C6C-488C-463E-973F-F8CECB27F9E0}"
EndProject
Project("{FAE04EC0-301F-11D3-BF4B-00C04F79EFBC}") = "Premotion.Mansion.TestConsoleApp", "Premotion.Mansion.TestConsoleApp\Premotion.Mansion.TestConsoleApp.csproj", "{B19910E7-E373-4EB5-8542-5813FC51DB93}"
EndProject
Project("{FAE04EC0-301F-11D3-BF4B-00C04F79EFBC}") = "Premotion.Mansion.Repository.SqlServer", "Premotion.Mansion.Repository.SqlServer\Premotion.Mansion.Repository.SqlServer.csproj", "{ACCEC1F3-EFDB-40BA-94BB-9EF9F6659397}"
EndProject
Project("{FAE04EC0-301F-11D3-BF4B-00C04F79EFBC}") = "Premotion.Mansion.Web.Portal", "Premotion.Mansion.Web.Portal\Premotion.Mansion.Web.Portal.csproj", "{9F72860A-6878-41BE-AF4B-75AF7CADEF1A}"
EndProject
Project("{FAE04EC0-301F-11D3-BF4B-00C04F79EFBC}") = "Premotion.Mansion.Amazon", "Premotion.Mansion.Amazon\Premotion.Mansion.Amazon.csproj", "{FFC98D45-85FF-4B6A-8E47-8BEE1EEF340D}"
EndProject
Project("{FAE04EC0-301F-11D3-BF4B-00C04F79EFBC}") = "Premotion.Mansion.Web.Social", "Premotion.Mansion.Web.Social\Premotion.Mansion.Web.Social.csproj", "{B2234844-646E-4C79-8FF7-5793FDC6D7DF}"
EndProject
Project("{FAE04EC0-301F-11D3-BF4B-00C04F79EFBC}") = "Premotion.Mansion.Repository.ElasticSearch", "Premotion.Mansion.Repository.ElasticSearch\Premotion.Mansion.Repository.ElasticSearch.csproj", "{062CF6EC-8555-4F43-B536-C848A6435813}"
EndProject
Project("{FAE04EC0-301F-11D3-BF4B-00C04F79EFBC}") = "Premotion.Mansion.KnowledgeOrganization", "Premotion.Mansion.KnowledgeOrganization\Premotion.Mansion.KnowledgeOrganization.csproj", "{45CD25BA-6944-4EBD-A0D4-36C5781BAFBF}"
EndProject
Global
	GlobalSection(SolutionConfigurationPlatforms) = preSolution
		Debug|Any CPU = Debug|Any CPU
		Debug|Mixed Platforms = Debug|Mixed Platforms
		Debug|x86 = Debug|x86
		Release|Any CPU = Release|Any CPU
		Release|Mixed Platforms = Release|Mixed Platforms
		Release|x86 = Release|x86
	EndGlobalSection
	GlobalSection(ProjectConfigurationPlatforms) = postSolution
		{95DFBC37-6549-4BC0-AB9F-0F5D22D35926}.Debug|Any CPU.ActiveCfg = Debug|Any CPU
		{95DFBC37-6549-4BC0-AB9F-0F5D22D35926}.Debug|Any CPU.Build.0 = Debug|Any CPU
		{95DFBC37-6549-4BC0-AB9F-0F5D22D35926}.Debug|Mixed Platforms.ActiveCfg = Debug|Any CPU
		{95DFBC37-6549-4BC0-AB9F-0F5D22D35926}.Debug|Mixed Platforms.Build.0 = Debug|Any CPU
		{95DFBC37-6549-4BC0-AB9F-0F5D22D35926}.Debug|x86.ActiveCfg = Debug|Any CPU
		{95DFBC37-6549-4BC0-AB9F-0F5D22D35926}.Release|Any CPU.ActiveCfg = Release|Any CPU
		{95DFBC37-6549-4BC0-AB9F-0F5D22D35926}.Release|Any CPU.Build.0 = Release|Any CPU
		{95DFBC37-6549-4BC0-AB9F-0F5D22D35926}.Release|Mixed Platforms.ActiveCfg = Release|Any CPU
		{95DFBC37-6549-4BC0-AB9F-0F5D22D35926}.Release|Mixed Platforms.Build.0 = Release|Any CPU
		{95DFBC37-6549-4BC0-AB9F-0F5D22D35926}.Release|x86.ActiveCfg = Release|Any CPU
		{7170BC06-87E5-4BFD-831C-B0A286F93182}.Debug|Any CPU.ActiveCfg = Debug|Any CPU
		{7170BC06-87E5-4BFD-831C-B0A286F93182}.Debug|Any CPU.Build.0 = Debug|Any CPU
		{7170BC06-87E5-4BFD-831C-B0A286F93182}.Debug|Mixed Platforms.ActiveCfg = Debug|Any CPU
		{7170BC06-87E5-4BFD-831C-B0A286F93182}.Debug|Mixed Platforms.Build.0 = Debug|Any CPU
		{7170BC06-87E5-4BFD-831C-B0A286F93182}.Debug|x86.ActiveCfg = Debug|Any CPU
		{7170BC06-87E5-4BFD-831C-B0A286F93182}.Release|Any CPU.ActiveCfg = Release|Any CPU
		{7170BC06-87E5-4BFD-831C-B0A286F93182}.Release|Any CPU.Build.0 = Release|Any CPU
		{7170BC06-87E5-4BFD-831C-B0A286F93182}.Release|Mixed Platforms.ActiveCfg = Release|Any CPU
		{7170BC06-87E5-4BFD-831C-B0A286F93182}.Release|Mixed Platforms.Build.0 = Release|Any CPU
		{7170BC06-87E5-4BFD-831C-B0A286F93182}.Release|x86.ActiveCfg = Release|Any CPU
		{75199C6C-488C-463E-973F-F8CECB27F9E0}.Debug|Any CPU.ActiveCfg = Debug|Any CPU
		{75199C6C-488C-463E-973F-F8CECB27F9E0}.Debug|Any CPU.Build.0 = Debug|Any CPU
		{75199C6C-488C-463E-973F-F8CECB27F9E0}.Debug|Mixed Platforms.ActiveCfg = Debug|Any CPU
		{75199C6C-488C-463E-973F-F8CECB27F9E0}.Debug|Mixed Platforms.Build.0 = Debug|Any CPU
		{75199C6C-488C-463E-973F-F8CECB27F9E0}.Debug|x86.ActiveCfg = Debug|Any CPU
		{75199C6C-488C-463E-973F-F8CECB27F9E0}.Release|Any CPU.ActiveCfg = Release|Any CPU
		{75199C6C-488C-463E-973F-F8CECB27F9E0}.Release|Any CPU.Build.0 = Release|Any CPU
		{75199C6C-488C-463E-973F-F8CECB27F9E0}.Release|Mixed Platforms.ActiveCfg = Release|Any CPU
		{75199C6C-488C-463E-973F-F8CECB27F9E0}.Release|Mixed Platforms.Build.0 = Release|Any CPU
		{75199C6C-488C-463E-973F-F8CECB27F9E0}.Release|x86.ActiveCfg = Release|Any CPU
		{B19910E7-E373-4EB5-8542-5813FC51DB93}.Debug|Any CPU.ActiveCfg = Debug|x86
		{B19910E7-E373-4EB5-8542-5813FC51DB93}.Debug|Mixed Platforms.ActiveCfg = Debug|x86
		{B19910E7-E373-4EB5-8542-5813FC51DB93}.Debug|Mixed Platforms.Build.0 = Debug|x86
		{B19910E7-E373-4EB5-8542-5813FC51DB93}.Debug|x86.ActiveCfg = Debug|x86
		{B19910E7-E373-4EB5-8542-5813FC51DB93}.Debug|x86.Build.0 = Debug|x86
		{B19910E7-E373-4EB5-8542-5813FC51DB93}.Release|Any CPU.ActiveCfg = Release|x86
		{B19910E7-E373-4EB5-8542-5813FC51DB93}.Release|Mixed Platforms.ActiveCfg = Release|x86
		{B19910E7-E373-4EB5-8542-5813FC51DB93}.Release|Mixed Platforms.Build.0 = Release|x86
		{B19910E7-E373-4EB5-8542-5813FC51DB93}.Release|x86.ActiveCfg = Release|x86
		{B19910E7-E373-4EB5-8542-5813FC51DB93}.Release|x86.Build.0 = Release|x86
		{ACCEC1F3-EFDB-40BA-94BB-9EF9F6659397}.Debug|Any CPU.ActiveCfg = Debug|Any CPU
		{ACCEC1F3-EFDB-40BA-94BB-9EF9F6659397}.Debug|Any CPU.Build.0 = Debug|Any CPU
		{ACCEC1F3-EFDB-40BA-94BB-9EF9F6659397}.Debug|Mixed Platforms.ActiveCfg = Debug|Any CPU
		{ACCEC1F3-EFDB-40BA-94BB-9EF9F6659397}.Debug|Mixed Platforms.Build.0 = Debug|Any CPU
		{ACCEC1F3-EFDB-40BA-94BB-9EF9F6659397}.Debug|x86.ActiveCfg = Debug|Any CPU
		{ACCEC1F3-EFDB-40BA-94BB-9EF9F6659397}.Release|Any CPU.ActiveCfg = Release|Any CPU
		{ACCEC1F3-EFDB-40BA-94BB-9EF9F6659397}.Release|Any CPU.Build.0 = Release|Any CPU
		{ACCEC1F3-EFDB-40BA-94BB-9EF9F6659397}.Release|Mixed Platforms.ActiveCfg = Release|Any CPU
		{ACCEC1F3-EFDB-40BA-94BB-9EF9F6659397}.Release|Mixed Platforms.Build.0 = Release|Any CPU
		{ACCEC1F3-EFDB-40BA-94BB-9EF9F6659397}.Release|x86.ActiveCfg = Release|Any CPU
		{9F72860A-6878-41BE-AF4B-75AF7CADEF1A}.Debug|Any CPU.ActiveCfg = Debug|Any CPU
		{9F72860A-6878-41BE-AF4B-75AF7CADEF1A}.Debug|Any CPU.Build.0 = Debug|Any CPU
		{9F72860A-6878-41BE-AF4B-75AF7CADEF1A}.Debug|Mixed Platforms.ActiveCfg = Debug|Any CPU
		{9F72860A-6878-41BE-AF4B-75AF7CADEF1A}.Debug|Mixed Platforms.Build.0 = Debug|Any CPU
		{9F72860A-6878-41BE-AF4B-75AF7CADEF1A}.Debug|x86.ActiveCfg = Debug|Any CPU
		{9F72860A-6878-41BE-AF4B-75AF7CADEF1A}.Release|Any CPU.ActiveCfg = Release|Any CPU
		{9F72860A-6878-41BE-AF4B-75AF7CADEF1A}.Release|Any CPU.Build.0 = Release|Any CPU
		{9F72860A-6878-41BE-AF4B-75AF7CADEF1A}.Release|Mixed Platforms.ActiveCfg = Release|Any CPU
		{9F72860A-6878-41BE-AF4B-75AF7CADEF1A}.Release|Mixed Platforms.Build.0 = Release|Any CPU
		{9F72860A-6878-41BE-AF4B-75AF7CADEF1A}.Release|x86.ActiveCfg = Release|Any CPU
		{FFC98D45-85FF-4B6A-8E47-8BEE1EEF340D}.Debug|Any CPU.ActiveCfg = Debug|Any CPU
		{FFC98D45-85FF-4B6A-8E47-8BEE1EEF340D}.Debug|Any CPU.Build.0 = Debug|Any CPU
		{FFC98D45-85FF-4B6A-8E47-8BEE1EEF340D}.Debug|Mixed Platforms.ActiveCfg = Debug|Any CPU
		{FFC98D45-85FF-4B6A-8E47-8BEE1EEF340D}.Debug|Mixed Platforms.Build.0 = Debug|Any CPU
		{FFC98D45-85FF-4B6A-8E47-8BEE1EEF340D}.Debug|x86.ActiveCfg = Debug|Any CPU
		{FFC98D45-85FF-4B6A-8E47-8BEE1EEF340D}.Release|Any CPU.ActiveCfg = Release|Any CPU
		{FFC98D45-85FF-4B6A-8E47-8BEE1EEF340D}.Release|Any CPU.Build.0 = Release|Any CPU
		{FFC98D45-85FF-4B6A-8E47-8BEE1EEF340D}.Release|Mixed Platforms.ActiveCfg = Release|Any CPU
		{FFC98D45-85FF-4B6A-8E47-8BEE1EEF340D}.Release|Mixed Platforms.Build.0 = Release|Any CPU
		{FFC98D45-85FF-4B6A-8E47-8BEE1EEF340D}.Release|x86.ActiveCfg = Release|Any CPU
		{B2234844-646E-4C79-8FF7-5793FDC6D7DF}.Debug|Any CPU.ActiveCfg = Debug|Any CPU
		{B2234844-646E-4C79-8FF7-5793FDC6D7DF}.Debug|Any CPU.Build.0 = Debug|Any CPU
		{B2234844-646E-4C79-8FF7-5793FDC6D7DF}.Debug|Mixed Platforms.ActiveCfg = Debug|Any CPU
		{B2234844-646E-4C79-8FF7-5793FDC6D7DF}.Debug|Mixed Platforms.Build.0 = Debug|Any CPU
		{B2234844-646E-4C79-8FF7-5793FDC6D7DF}.Debug|x86.ActiveCfg = Debug|Any CPU
		{B2234844-646E-4C79-8FF7-5793FDC6D7DF}.Release|Any CPU.ActiveCfg = Release|Any CPU
		{B2234844-646E-4C79-8FF7-5793FDC6D7DF}.Release|Any CPU.Build.0 = Release|Any CPU
		{B2234844-646E-4C79-8FF7-5793FDC6D7DF}.Release|Mixed Platforms.ActiveCfg = Release|Any CPU
		{B2234844-646E-4C79-8FF7-5793FDC6D7DF}.Release|Mixed Platforms.Build.0 = Release|Any CPU
		{B2234844-646E-4C79-8FF7-5793FDC6D7DF}.Release|x86.ActiveCfg = Release|Any CPU
		{062CF6EC-8555-4F43-B536-C848A6435813}.Debug|Any CPU.ActiveCfg = Debug|Any CPU
		{062CF6EC-8555-4F43-B536-C848A6435813}.Debug|Any CPU.Build.0 = Debug|Any CPU
		{062CF6EC-8555-4F43-B536-C848A6435813}.Debug|Mixed Platforms.ActiveCfg = Debug|Any CPU
		{062CF6EC-8555-4F43-B536-C848A6435813}.Debug|Mixed Platforms.Build.0 = Debug|Any CPU
		{062CF6EC-8555-4F43-B536-C848A6435813}.Debug|x86.ActiveCfg = Debug|Any CPU
		{062CF6EC-8555-4F43-B536-C848A6435813}.Release|Any CPU.ActiveCfg = Release|Any CPU
		{062CF6EC-8555-4F43-B536-C848A6435813}.Release|Any CPU.Build.0 = Release|Any CPU
		{062CF6EC-8555-4F43-B536-C848A6435813}.Release|Mixed Platforms.ActiveCfg = Release|Any CPU
		{062CF6EC-8555-4F43-B536-C848A6435813}.Release|Mixed Platforms.Build.0 = Release|Any CPU
		{062CF6EC-8555-4F43-B536-C848A6435813}.Release|x86.ActiveCfg = Release|Any CPU
		{45CD25BA-6944-4EBD-A0D4-36C5781BAFBF}.Debug|Any CPU.ActiveCfg = Debug|Any CPU
		{45CD25BA-6944-4EBD-A0D4-36C5781BAFBF}.Debug|Any CPU.Build.0 = Debug|Any CPU
		{45CD25BA-6944-4EBD-A0D4-36C5781BAFBF}.Debug|Mixed Platforms.ActiveCfg = Debug|Any CPU
		{45CD25BA-6944-4EBD-A0D4-36C5781BAFBF}.Debug|Mixed Platforms.Build.0 = Debug|Any CPU
		{45CD25BA-6944-4EBD-A0D4-36C5781BAFBF}.Debug|x86.ActiveCfg = Debug|Any CPU
		{45CD25BA-6944-4EBD-A0D4-36C5781BAFBF}.Release|Any CPU.ActiveCfg = Release|Any CPU
		{45CD25BA-6944-4EBD-A0D4-36C5781BAFBF}.Release|Any CPU.Build.0 = Release|Any CPU
		{45CD25BA-6944-4EBD-A0D4-36C5781BAFBF}.Release|Mixed Platforms.ActiveCfg = Release|Any CPU
		{45CD25BA-6944-4EBD-A0D4-36C5781BAFBF}.Release|Mixed Platforms.Build.0 = Release|Any CPU
		{45CD25BA-6944-4EBD-A0D4-36C5781BAFBF}.Release|x86.ActiveCfg = Release|Any CPU
	EndGlobalSection
	GlobalSection(SolutionProperties) = preSolution
		HideSolutionNode = FALSE
	EndGlobalSection
EndGlobal
